
Microsoft Visual Studio Solution File, Format Version 12.00
# Visual Studio 15
VisualStudioVersion = 15.0.28307.1267
MinimumVisualStudioVersion = 10.0.40219.1
Project("{888888A0-9F3D-457C-B088-3A5042F75D52}") = "DZ_SiT_Pavlovskaya_IU5-51B", "DZ_SiT_Pavlovskaya_IU5-51B\DZ_SiT_Pavlovskaya_IU5-51B.pyproj", "{8D9B05C5-77C8-43B2-9BA7-39EB031557BB}"
EndProject
Global
	GlobalSection(SolutionConfigurationPlatforms) = preSolution
		Debug|Any CPU = Debug|Any CPU
		Release|Any CPU = Release|Any CPU
	EndGlobalSection
	GlobalSection(ProjectConfigurationPlatforms) = postSolution
		{8D9B05C5-77C8-43B2-9BA7-39EB031557BB}.Debug|Any CPU.ActiveCfg = Debug|Any CPU
		{8D9B05C5-77C8-43B2-9BA7-39EB031557BB}.Release|Any CPU.ActiveCfg = Release|Any CPU
	EndGlobalSection
	GlobalSection(SolutionProperties) = preSolution
		HideSolutionNode = FALSE
	EndGlobalSection
	GlobalSection(ExtensibilityGlobals) = postSolution
		SolutionGuid = {738FA0C7-6064-4609-86F8-F30163A150C5}
	EndGlobalSection
EndGlobal
